
Microsoft Visual Studio Solution File, Format Version 12.00
# Visual Studio 15
VisualStudioVersion = 15.0.27130.2026
MinimumVisualStudioVersion = 10.0.40219.1
Project("{8BC9CEB8-8B4A-11D0-8D11-00A0C91BC942}") = "CombatSimulator", "CombatSimulator\CombatSimulator.vcxproj", "{6090DCFE-3D77-4332-9584-61B5FD271F58}"
EndProject
Global
	GlobalSection(SolutionConfigurationPlatforms) = preSolution
		Debug|x64 = Debug|x64
		Debug|x86 = Debug|x86
		Release|x64 = Release|x64
		Release|x86 = Release|x86
	EndGlobalSection
	GlobalSection(ProjectConfigurationPlatforms) = postSolution
		{6090DCFE-3D77-4332-9584-61B5FD271F58}.Debug|x64.ActiveCfg = Debug|x64
		{6090DCFE-3D77-4332-9584-61B5FD271F58}.Debug|x64.Build.0 = Debug|x64
		{6090DCFE-3D77-4332-9584-61B5FD271F58}.Debug|x86.ActiveCfg = Debug|Win32
		{6090DCFE-3D77-4332-9584-61B5FD271F58}.Debug|x86.Build.0 = Debug|Win32
		{6090DCFE-3D77-4332-9584-61B5FD271F58}.Release|x64.ActiveCfg = Release|x64
		{6090DCFE-3D77-4332-9584-61B5FD271F58}.Release|x64.Build.0 = Release|x64
		{6090DCFE-3D77-4332-9584-61B5FD271F58}.Release|x86.ActiveCfg = Release|Win32
		{6090DCFE-3D77-4332-9584-61B5FD271F58}.Release|x86.Build.0 = Release|Win32
	EndGlobalSection
	GlobalSection(SolutionProperties) = preSolution
		HideSolutionNode = FALSE
	EndGlobalSection
	GlobalSection(ExtensibilityGlobals) = postSolution
		SolutionGuid = {F28A4A0A-41B9-4C72-87D0-6E3D3119CC75}
	EndGlobalSection
EndGlobal
